
Microsoft Visual Studio Solution File, Format Version 12.00
# Visual Studio 15
VisualStudioVersion = 15.0.28307.852
MinimumVisualStudioVersion = 10.0.40219.1
Project("{FAE04EC0-301F-11D3-BF4B-00C04F79EFBC}") = "Lands.Android", "Lands\Lands.Android\Lands.Android.csproj", "{5201C1F4-3D90-42FA-876B-0B164724D643}"
EndProject
Project("{FAE04EC0-301F-11D3-BF4B-00C04F79EFBC}") = "Lands.iOS", "Lands\Lands.iOS\Lands.iOS.csproj", "{A4ADF5C9-65AF-43FF-A5E0-E7A54B8E4094}"
EndProject
Project("{FAE04EC0-301F-11D3-BF4B-00C04F79EFBC}") = "Lands", "Lands\Lands\Lands.csproj", "{89A982B4-4097-47ED-AF8B-3A399CCDA646}"
EndProject
Global
	GlobalSection(SolutionConfigurationPlatforms) = preSolution
		Ad-Hoc|Any CPU = Ad-Hoc|Any CPU
		Ad-Hoc|iPhone = Ad-Hoc|iPhone
		Ad-Hoc|iPhoneSimulator = Ad-Hoc|iPhoneSimulator
		AppStore|Any CPU = AppStore|Any CPU
		AppStore|iPhone = AppStore|iPhone
		AppStore|iPhoneSimulator = AppStore|iPhoneSimulator
		Debug|Any CPU = Debug|Any CPU
		Debug|iPhone = Debug|iPhone
		Debug|iPhoneSimulator = Debug|iPhoneSimulator
		Release|Any CPU = Release|Any CPU
		Release|iPhone = Release|iPhone
		Release|iPhoneSimulator = Release|iPhoneSimulator
	EndGlobalSection
	GlobalSection(ProjectConfigurationPlatforms) = postSolution
		{5201C1F4-3D90-42FA-876B-0B164724D643}.Ad-Hoc|Any CPU.ActiveCfg = Release|Any CPU
		{5201C1F4-3D90-42FA-876B-0B164724D643}.Ad-Hoc|Any CPU.Build.0 = Release|Any CPU
		{5201C1F4-3D90-42FA-876B-0B164724D643}.Ad-Hoc|Any CPU.Deploy.0 = Release|Any CPU
		{5201C1F4-3D90-42FA-876B-0B164724D643}.Ad-Hoc|iPhone.ActiveCfg = Release|Any CPU
		{5201C1F4-3D90-42FA-876B-0B164724D643}.Ad-Hoc|iPhone.Build.0 = Release|Any CPU
		{5201C1F4-3D90-42FA-876B-0B164724D643}.Ad-Hoc|iPhone.Deploy.0 = Release|Any CPU
		{5201C1F4-3D90-42FA-876B-0B164724D643}.Ad-Hoc|iPhoneSimulator.ActiveCfg = Release|Any CPU
		{5201C1F4-3D90-42FA-876B-0B164724D643}.Ad-Hoc|iPhoneSimulator.Build.0 = Release|Any CPU
		{5201C1F4-3D90-42FA-876B-0B164724D643}.Ad-Hoc|iPhoneSimulator.Deploy.0 = Release|Any CPU
		{5201C1F4-3D90-42FA-876B-0B164724D643}.AppStore|Any CPU.ActiveCfg = Release|Any CPU
		{5201C1F4-3D90-42FA-876B-0B164724D643}.AppStore|Any CPU.Build.0 = Release|Any CPU
		{5201C1F4-3D90-42FA-876B-0B164724D643}.AppStore|Any CPU.Deploy.0 = Release|Any CPU
		{5201C1F4-3D90-42FA-876B-0B164724D643}.AppStore|iPhone.ActiveCfg = Release|Any CPU
		{5201C1F4-3D90-42FA-876B-0B164724D643}.AppStore|iPhone.Build.0 = Release|Any CPU
		{5201C1F4-3D90-42FA-876B-0B164724D643}.AppStore|iPhone.Deploy.0 = Release|Any CPU
		{5201C1F4-3D90-42FA-876B-0B164724D643}.AppStore|iPhoneSimulator.ActiveCfg = Release|Any CPU
		{5201C1F4-3D90-42FA-876B-0B164724D643}.AppStore|iPhoneSimulator.Build.0 = Release|Any CPU
		{5201C1F4-3D90-42FA-876B-0B164724D643}.AppStore|iPhoneSimulator.Deploy.0 = Release|Any CPU
		{5201C1F4-3D90-42FA-876B-0B164724D643}.Debug|Any CPU.ActiveCfg = Debug|Any CPU
		{5201C1F4-3D90-42FA-876B-0B164724D643}.Debug|Any CPU.Build.0 = Debug|Any CPU
		{5201C1F4-3D90-42FA-876B-0B164724D643}.Debug|Any CPU.Deploy.0 = Debug|Any CPU
		{5201C1F4-3D90-42FA-876B-0B164724D643}.Debug|iPhone.ActiveCfg = Debug|Any CPU
		{5201C1F4-3D90-42FA-876B-0B164724D643}.Debug|iPhone.Build.0 = Debug|Any CPU
		{5201C1F4-3D90-42FA-876B-0B164724D643}.Debug|iPhone.Deploy.0 = Debug|Any CPU
		{5201C1F4-3D90-42FA-876B-0B164724D643}.Debug|iPhoneSimulator.ActiveCfg = Debug|Any CPU
		{5201C1F4-3D90-42FA-876B-0B164724D643}.Debug|iPhoneSimulator.Build.0 = Debug|Any CPU
		{5201C1F4-3D90-42FA-876B-0B164724D643}.Debug|iPhoneSimulator.Deploy.0 = Debug|Any CPU
		{5201C1F4-3D90-42FA-876B-0B164724D643}.Release|Any CPU.ActiveCfg = Release|Any CPU
		{5201C1F4-3D90-42FA-876B-0B164724D643}.Release|Any CPU.Build.0 = Release|Any CPU
		{5201C1F4-3D90-42FA-876B-0B164724D643}.Release|Any CPU.Deploy.0 = Release|Any CPU
		{5201C1F4-3D90-42FA-876B-0B164724D643}.Release|iPhone.ActiveCfg = Release|Any CPU
		{5201C1F4-3D90-42FA-876B-0B164724D643}.Release|iPhone.Build.0 = Release|Any CPU
		{5201C1F4-3D90-42FA-876B-0B164724D643}.Release|iPhone.Deploy.0 = Release|Any CPU
		{5201C1F4-3D90-42FA-876B-0B164724D643}.Release|iPhoneSimulator.ActiveCfg = Release|Any CPU
		{5201C1F4-3D90-42FA-876B-0B164724D643}.Release|iPhoneSimulator.Build.0 = Release|Any CPU
		{5201C1F4-3D90-42FA-876B-0B164724D643}.Release|iPhoneSimulator.Deploy.0 = Release|Any CPU
		{A4ADF5C9-65AF-43FF-A5E0-E7A54B8E4094}.Ad-Hoc|Any CPU.ActiveCfg = Ad-Hoc|iPhone
		{A4ADF5C9-65AF-43FF-A5E0-E7A54B8E4094}.Ad-Hoc|Any CPU.Build.0 = Ad-Hoc|iPhone
		{A4ADF5C9-65AF-43FF-A5E0-E7A54B8E4094}.Ad-Hoc|Any CPU.Deploy.0 = Ad-Hoc|iPhone
		{A4ADF5C9-65AF-43FF-A5E0-E7A54B8E4094}.Ad-Hoc|iPhone.ActiveCfg = Ad-Hoc|iPhone
		{A4ADF5C9-65AF-43FF-A5E0-E7A54B8E4094}.Ad-Hoc|iPhone.Build.0 = Ad-Hoc|iPhone
		{A4ADF5C9-65AF-43FF-A5E0-E7A54B8E4094}.Ad-Hoc|iPhone.Deploy.0 = Ad-Hoc|iPhone
		{A4ADF5C9-65AF-43FF-A5E0-E7A54B8E4094}.Ad-Hoc|iPhoneSimulator.ActiveCfg = Ad-Hoc|iPhoneSimulator
		{A4ADF5C9-65AF-43FF-A5E0-E7A54B8E4094}.Ad-Hoc|iPhoneSimulator.Build.0 = Ad-Hoc|iPhoneSimulator
		{A4ADF5C9-65AF-43FF-A5E0-E7A54B8E4094}.Ad-Hoc|iPhoneSimulator.Deploy.0 = Ad-Hoc|iPhoneSimulator
		{A4ADF5C9-65AF-43FF-A5E0-E7A54B8E4094}.AppStore|Any CPU.ActiveCfg = AppStore|iPhone
		{A4ADF5C9-65AF-43FF-A5E0-E7A54B8E4094}.AppStore|Any CPU.Build.0 = AppStore|iPhone
		{A4ADF5C9-65AF-43FF-A5E0-E7A54B8E4094}.AppStore|Any CPU.Deploy.0 = AppStore|iPhone
		{A4ADF5C9-65AF-43FF-A5E0-E7A54B8E4094}.AppStore|iPhone.ActiveCfg = AppStore|iPhone
		{A4ADF5C9-65AF-43FF-A5E0-E7A54B8E4094}.AppStore|iPhone.Build.0 = AppStore|iPhone
		{A4ADF5C9-65AF-43FF-A5E0-E7A54B8E4094}.AppStore|iPhone.Deploy.0 = AppStore|iPhone
		{A4ADF5C9-65AF-43FF-A5E0-E7A54B8E4094}.AppStore|iPhoneSimulator.ActiveCfg = AppStore|iPhoneSimulator
		{A4ADF5C9-65AF-43FF-A5E0-E7A54B8E4094}.AppStore|iPhoneSimulator.Build.0 = AppStore|iPhoneSimulator
		{A4ADF5C9-65AF-43FF-A5E0-E7A54B8E4094}.AppStore|iPhoneSimulator.Deploy.0 = AppStore|iPhoneSimulator
		{A4ADF5C9-65AF-43FF-A5E0-E7A54B8E4094}.Debug|Any CPU.ActiveCfg = Debug|iPhoneSimulator
		{A4ADF5C9-65AF-43FF-A5E0-E7A54B8E4094}.Debug|Any CPU.Build.0 = Debug|iPhoneSimulator
		{A4ADF5C9-65AF-43FF-A5E0-E7A54B8E4094}.Debug|Any CPU.Deploy.0 = Debug|iPhoneSimulator
		{A4ADF5C9-65AF-43FF-A5E0-E7A54B8E4094}.Debug|iPhone.ActiveCfg = Debug|iPhone
		{A4ADF5C9-65AF-43FF-A5E0-E7A54B8E4094}.Debug|iPhone.Build.0 = Debug|iPhone
		{A4ADF5C9-65AF-43FF-A5E0-E7A54B8E4094}.Debug|iPhone.Deploy.0 = Debug|iPhone
		{A4ADF5C9-65AF-43FF-A5E0-E7A54B8E4094}.Debug|iPhoneSimulator.ActiveCfg = Debug|iPhoneSimulator
		{A4ADF5C9-65AF-43FF-A5E0-E7A54B8E4094}.Debug|iPhoneSimulator.Build.0 = Debug|iPhoneSimulator
		{A4ADF5C9-65AF-43FF-A5E0-E7A54B8E4094}.Debug|iPhoneSimulator.Deploy.0 = Debug|iPhoneSimulator
		{A4ADF5C9-65AF-43FF-A5E0-E7A54B8E4094}.Release|Any CPU.ActiveCfg = Release|iPhone
		{A4ADF5C9-65AF-43FF-A5E0-E7A54B8E4094}.Release|Any CPU.Build.0 = Release|iPhone
		{A4ADF5C9-65AF-43FF-A5E0-E7A54B8E4094}.Release|Any CPU.Deploy.0 = Release|iPhone
		{A4ADF5C9-65AF-43FF-A5E0-E7A54B8E4094}.Release|iPhone.ActiveCfg = Release|iPhone
		{A4ADF5C9-65AF-43FF-A5E0-E7A54B8E4094}.Release|iPhone.Build.0 = Release|iPhone
		{A4ADF5C9-65AF-43FF-A5E0-E7A54B8E4094}.Release|iPhone.Deploy.0 = Release|iPhone
		{A4ADF5C9-65AF-43FF-A5E0-E7A54B8E4094}.Release|iPhoneSimulator.ActiveCfg = Release|iPhoneSimulator
		{A4ADF5C9-65AF-43FF-A5E0-E7A54B8E4094}.Release|iPhoneSimulator.Build.0 = Release|iPhoneSimulator
		{A4ADF5C9-65AF-43FF-A5E0-E7A54B8E4094}.Release|iPhoneSimulator.Deploy.0 = Release|iPhoneSimulator
		{89A982B4-4097-47ED-AF8B-3A399CCDA646}.Ad-Hoc|Any CPU.ActiveCfg = Debug|Any CPU
		{89A982B4-4097-47ED-AF8B-3A399CCDA646}.Ad-Hoc|Any CPU.Build.0 = Debug|Any CPU
		{89A982B4-4097-47ED-AF8B-3A399CCDA646}.Ad-Hoc|Any CPU.Deploy.0 = Debug|Any CPU
		{89A982B4-4097-47ED-AF8B-3A399CCDA646}.Ad-Hoc|iPhone.ActiveCfg = Debug|Any CPU
		{89A982B4-4097-47ED-AF8B-3A399CCDA646}.Ad-Hoc|iPhone.Build.0 = Debug|Any CPU
		{89A982B4-4097-47ED-AF8B-3A399CCDA646}.Ad-Hoc|iPhone.Deploy.0 = Debug|Any CPU
		{89A982B4-4097-47ED-AF8B-3A399CCDA646}.Ad-Hoc|iPhoneSimulator.ActiveCfg = Debug|Any CPU
		{89A982B4-4097-47ED-AF8B-3A399CCDA646}.Ad-Hoc|iPhoneSimulator.Build.0 = Debug|Any CPU
		{89A982B4-4097-47ED-AF8B-3A399CCDA646}.Ad-Hoc|iPhoneSimulator.Deploy.0 = Debug|Any CPU
		{89A982B4-4097-47ED-AF8B-3A399CCDA646}.AppStore|Any CPU.ActiveCfg = Debug|Any CPU
		{89A982B4-4097-47ED-AF8B-3A399CCDA646}.AppStore|Any CPU.Build.0 = Debug|Any CPU
		{89A982B4-4097-47ED-AF8B-3A399CCDA646}.AppStore|Any CPU.Deploy.0 = Debug|Any CPU
		{89A982B4-4097-47ED-AF8B-3A399CCDA646}.AppStore|iPhone.ActiveCfg = Debug|Any CPU
		{89A982B4-4097-47ED-AF8B-3A399CCDA646}.AppStore|iPhone.Build.0 = Debug|Any CPU
		{89A982B4-4097-47ED-AF8B-3A399CCDA646}.AppStore|iPhone.Deploy.0 = Debug|Any CPU
		{89A982B4-4097-47ED-AF8B-3A399CCDA646}.AppStore|iPhoneSimulator.ActiveCfg = Debug|Any CPU
		{89A982B4-4097-47ED-AF8B-3A399CCDA646}.AppStore|iPhoneSimulator.Build.0 = Debug|Any CPU
		{89A982B4-4097-47ED-AF8B-3A399CCDA646}.AppStore|iPhoneSimulator.Deploy.0 = Debug|Any CPU
		{89A982B4-4097-47ED-AF8B-3A399CCDA646}.Debug|Any CPU.ActiveCfg = Debug|Any CPU
		{89A982B4-4097-47ED-AF8B-3A399CCDA646}.Debug|Any CPU.Build.0 = Debug|Any CPU
		{89A982B4-4097-47ED-AF8B-3A399CCDA646}.Debug|Any CPU.Deploy.0 = Debug|Any CPU
		{89A982B4-4097-47ED-AF8B-3A399CCDA646}.Debug|iPhone.ActiveCfg = Debug|Any CPU
		{89A982B4-4097-47ED-AF8B-3A399CCDA646}.Debug|iPhone.Build.0 = Debug|Any CPU
		{89A982B4-4097-47ED-AF8B-3A399CCDA646}.Debug|iPhone.Deploy.0 = Debug|Any CPU
		{89A982B4-4097-47ED-AF8B-3A399CCDA646}.Debug|iPhoneSimulator.ActiveCfg = Debug|Any CPU
		{89A982B4-4097-47ED-AF8B-3A399CCDA646}.Debug|iPhoneSimulator.Build.0 = Debug|Any CPU
		{89A982B4-4097-47ED-AF8B-3A399CCDA646}.Debug|iPhoneSimulator.Deploy.0 = Debug|Any CPU
		{89A982B4-4097-47ED-AF8B-3A399CCDA646}.Release|Any CPU.ActiveCfg = Release|Any CPU
		{89A982B4-4097-47ED-AF8B-3A399CCDA646}.Release|Any CPU.Build.0 = Release|Any CPU
		{89A982B4-4097-47ED-AF8B-3A399CCDA646}.Release|Any CPU.Deploy.0 = Release|Any CPU
		{89A982B4-4097-47ED-AF8B-3A399CCDA646}.Release|iPhone.ActiveCfg = Release|Any CPU
		{89A982B4-4097-47ED-AF8B-3A399CCDA646}.Release|iPhone.Build.0 = Release|Any CPU
		{89A982B4-4097-47ED-AF8B-3A399CCDA646}.Release|iPhone.Deploy.0 = Release|Any CPU
		{89A982B4-4097-47ED-AF8B-3A399CCDA646}.Release|iPhoneSimulator.ActiveCfg = Release|Any CPU
		{89A982B4-4097-47ED-AF8B-3A399CCDA646}.Release|iPhoneSimulator.Build.0 = Release|Any CPU
		{89A982B4-4097-47ED-AF8B-3A399CCDA646}.Release|iPhoneSimulator.Deploy.0 = Release|Any CPU
	EndGlobalSection
	GlobalSection(SolutionProperties) = preSolution
		HideSolutionNode = FALSE
	EndGlobalSection
	GlobalSection(ExtensibilityGlobals) = postSolution
		SolutionGuid = {D6A8785B-B763-4EBA-8E71-DE876F373B11}
	EndGlobalSection
EndGlobal
